
Microsoft Visual Studio Solution File, Format Version 12.00
# Visual Studio Version 17
VisualStudioVersion = 17.0.31903.59
MinimumVisualStudioVersion = 10.0.40219.1
Project("{2150E333-8FDC-42A3-9474-1A3956D46DE8}") = "src", "src", "{827E0CD3-B72D-47B6-A68D-7590B98EB39B}"
EndProject
Project("{FAE04EC0-301F-11D3-BF4B-00C04F79EFBC}") = "Continuum.Api", "src\Continuum.Api\Continuum.Api.csproj", "{265366B0-5DB6-4684-8CED-9E0040DB8753}"
EndProject
Project("{FAE04EC0-301F-11D3-BF4B-00C04F79EFBC}") = "Continuum.Agenda", "src\Modules\Agenda\Continuum.Agenda.csproj", "{271A4169-1125-46CA-9B1C-7CEDD8C92F3E}"
EndProject
Project("{FAE04EC0-301F-11D3-BF4B-00C04F79EFBC}") = "Continuum.Auditoria", "src\Modules\Auditoria\Continuum.Auditoria.csproj", "{2EC53428-E00E-473A-995D-E62763A5CBBB}"
EndProject
Project("{FAE04EC0-301F-11D3-BF4B-00C04F79EFBC}") = "Continuum.Catalogo", "src\Modules\Catalogo\Continuum.Catalogo.csproj", "{EBE7917A-9F49-4C20-8A5A-BFA7DA06230F}"
EndProject
Project("{FAE04EC0-301F-11D3-BF4B-00C04F79EFBC}") = "Continuum.Comunicacion", "src\Modules\Comunicacion\Continuum.Comunicacion.csproj", "{6819A2EC-DBB2-40B3-A148-0BCAADB32AE2}"
EndProject
Project("{FAE04EC0-301F-11D3-BF4B-00C04F79EFBC}") = "Continuum.Formularios", "src\Modules\Formularios\Continuum.Formularios.csproj", "{DA92FD92-D6C5-479A-BA5A-2E58C969012E}"
EndProject
Project("{FAE04EC0-301F-11D3-BF4B-00C04F79EFBC}") = "Continuum.HistoriaClinica", "src\Modules\HistoriaClinica\Continuum.HistoriaClinica.csproj", "{39D449A8-BD07-4B07-B896-1EEF2CF4AB02}"
EndProject
Project("{FAE04EC0-301F-11D3-BF4B-00C04F79EFBC}") = "Continuum.Identidad", "src\Modules\Identidad\Continuum.Identidad.csproj", "{2C19C926-2DED-489E-ACB7-6D0D500D79B2}"
EndProject
Project("{FAE04EC0-301F-11D3-BF4B-00C04F79EFBC}") = "Continuum.Organizacion", "src\Modules\Organizacion\Continuum.Organizacion.csproj", "{30315A4D-6BEC-4E70-ACC2-687C18EACBF4}"
EndProject
Project("{FAE04EC0-301F-11D3-BF4B-00C04F79EFBC}") = "Continuum.Pacientes", "src\Modules\Pacientes\Continuum.Pacientes.csproj", "{44CA00C0-15E5-4FC0-AFD5-538D85C92D8B}"
EndProject
Project("{FAE04EC0-301F-11D3-BF4B-00C04F79EFBC}") = "Continuum.Reportes", "src\Modules\Reportes\Continuum.Reportes.csproj", "{4E0F2032-342F-43DA-8F8E-460BFBFF8092}"
EndProject
Project("{FAE04EC0-301F-11D3-BF4B-00C04F79EFBC}") = "Continuum.Shared", "src\Shared\Continuum.Shared.csproj", "{C3A9263C-B250-44D4-8EC7-442FF4D4472E}"
EndProject
Project("{FAE04EC0-301F-11D3-BF4B-00C04F79EFBC}") = "Continuum.Agenda.Tests", "tests\Agenda.Tests\Continuum.Agenda.Tests.csproj", "{6FFA20DD-8B24-49B8-B828-ED6B70DE911D}"
EndProject
Project("{FAE04EC0-301F-11D3-BF4B-00C04F79EFBC}") = "Continuum.Auditoria.Tests", "tests\Auditoria.Tests\Continuum.Auditoria.Tests.csproj", "{F609EB66-B412-40DC-9394-5D1777607C7C}"
EndProject
Project("{FAE04EC0-301F-11D3-BF4B-00C04F79EFBC}") = "Continuum.Catalogo.Tests", "tests\Catalogo.Tests\Continuum.Catalogo.Tests.csproj", "{6CFA096D-4A20-4530-BB65-FE84282A7D09}"
EndProject
Project("{FAE04EC0-301F-11D3-BF4B-00C04F79EFBC}") = "Continuum.Comunicacion.Tests", "tests\Comunicacion.Tests\Continuum.Comunicacion.Tests.csproj", "{57656C50-A0D4-4CB6-B9A9-A4F875907D57}"
EndProject
Project("{FAE04EC0-301F-11D3-BF4B-00C04F79EFBC}") = "Continuum.Formularios.Tests", "tests\Formularios.Tests\Continuum.Formularios.Tests.csproj", "{7A777784-7121-44F9-B89D-DBF8AF713264}"
EndProject
Project("{FAE04EC0-301F-11D3-BF4B-00C04F79EFBC}") = "Continuum.HistoriaClinica.Tests", "tests\HistoriaClinica.Tests\Continuum.HistoriaClinica.Tests.csproj", "{3254B9F7-5DA2-41FD-9888-B6EEE548B424}"
EndProject
Project("{FAE04EC0-301F-11D3-BF4B-00C04F79EFBC}") = "Continuum.Identidad.Tests", "tests\Identidad.Tests\Continuum.Identidad.Tests.csproj", "{8A5BF27F-F935-4938-9FE0-F3157C353C76}"
EndProject
Project("{FAE04EC0-301F-11D3-BF4B-00C04F79EFBC}") = "Continuum.Organizacion.Tests", "tests\Organizacion.Tests\Continuum.Organizacion.Tests.csproj", "{634B83F4-9DA1-47C7-B5D8-DE09C073296C}"
EndProject
Project("{FAE04EC0-301F-11D3-BF4B-00C04F79EFBC}") = "Continuum.Pacientes.Tests", "tests\Pacientes.Tests\Continuum.Pacientes.Tests.csproj", "{C7893949-A618-4DA6-AE97-273B49B6A722}"
EndProject
Project("{FAE04EC0-301F-11D3-BF4B-00C04F79EFBC}") = "Continuum.Reportes.Tests", "tests\Reportes.Tests\Continuum.Reportes.Tests.csproj", "{3CD4F9DB-3DBD-4C6A-B407-0D350F6C472C}"
EndProject
Project("{2150E333-8FDC-42A3-9474-1A3956D46DE8}") = "tests", "tests", "{0AB3BF05-4346-4AA6-1389-037BE0695223}"
EndProject
Project("{2150E333-8FDC-42A3-9474-1A3956D46DE8}") = "Api.Tests", "Api.Tests", "{C7681E76-71D0-F6B3-CD73-27CBAEE59458}"
EndProject
Project("{FAE04EC0-301F-11D3-BF4B-00C04F79EFBC}") = "Continuum.Api.Tests", "tests\Api.Tests\Continuum.Api.Tests.csproj", "{2AD54E93-B59E-4256-908A-8EA003A53434}"
EndProject
Global
	GlobalSection(SolutionConfigurationPlatforms) = preSolution
		Debug|Any CPU = Debug|Any CPU
		Debug|x64 = Debug|x64
		Debug|x86 = Debug|x86
		Release|Any CPU = Release|Any CPU
		Release|x64 = Release|x64
		Release|x86 = Release|x86
	EndGlobalSection
	GlobalSection(ProjectConfigurationPlatforms) = postSolution
		{265366B0-5DB6-4684-8CED-9E0040DB8753}.Debug|Any CPU.ActiveCfg = Debug|Any CPU
		{265366B0-5DB6-4684-8CED-9E0040DB8753}.Debug|Any CPU.Build.0 = Debug|Any CPU
		{265366B0-5DB6-4684-8CED-9E0040DB8753}.Debug|x64.ActiveCfg = Debug|Any CPU
		{265366B0-5DB6-4684-8CED-9E0040DB8753}.Debug|x64.Build.0 = Debug|Any CPU
		{265366B0-5DB6-4684-8CED-9E0040DB8753}.Debug|x86.ActiveCfg = Debug|Any CPU
		{265366B0-5DB6-4684-8CED-9E0040DB8753}.Debug|x86.Build.0 = Debug|Any CPU
		{265366B0-5DB6-4684-8CED-9E0040DB8753}.Release|Any CPU.ActiveCfg = Release|Any CPU
		{265366B0-5DB6-4684-8CED-9E0040DB8753}.Release|Any CPU.Build.0 = Release|Any CPU
		{265366B0-5DB6-4684-8CED-9E0040DB8753}.Release|x64.ActiveCfg = Release|Any CPU
		{265366B0-5DB6-4684-8CED-9E0040DB8753}.Release|x64.Build.0 = Release|Any CPU
		{265366B0-5DB6-4684-8CED-9E0040DB8753}.Release|x86.ActiveCfg = Release|Any CPU
		{265366B0-5DB6-4684-8CED-9E0040DB8753}.Release|x86.Build.0 = Release|Any CPU
		{271A4169-1125-46CA-9B1C-7CEDD8C92F3E}.Debug|Any CPU.ActiveCfg = Debug|Any CPU
		{271A4169-1125-46CA-9B1C-7CEDD8C92F3E}.Debug|Any CPU.Build.0 = Debug|Any CPU
		{271A4169-1125-46CA-9B1C-7CEDD8C92F3E}.Debug|x64.ActiveCfg = Debug|Any CPU
		{271A4169-1125-46CA-9B1C-7CEDD8C92F3E}.Debug|x64.Build.0 = Debug|Any CPU
		{271A4169-1125-46CA-9B1C-7CEDD8C92F3E}.Debug|x86.ActiveCfg = Debug|Any CPU
		{271A4169-1125-46CA-9B1C-7CEDD8C92F3E}.Debug|x86.Build.0 = Debug|Any CPU
		{271A4169-1125-46CA-9B1C-7CEDD8C92F3E}.Release|Any CPU.ActiveCfg = Release|Any CPU
		{271A4169-1125-46CA-9B1C-7CEDD8C92F3E}.Release|Any CPU.Build.0 = Release|Any CPU
		{271A4169-1125-46CA-9B1C-7CEDD8C92F3E}.Release|x64.ActiveCfg = Release|Any CPU
		{271A4169-1125-46CA-9B1C-7CEDD8C92F3E}.Release|x64.Build.0 = Release|Any CPU
		{271A4169-1125-46CA-9B1C-7CEDD8C92F3E}.Release|x86.ActiveCfg = Release|Any CPU
		{271A4169-1125-46CA-9B1C-7CEDD8C92F3E}.Release|x86.Build.0 = Release|Any CPU
		{2EC53428-E00E-473A-995D-E62763A5CBBB}.Debug|Any CPU.ActiveCfg = Debug|Any CPU
		{2EC53428-E00E-473A-995D-E62763A5CBBB}.Debug|Any CPU.Build.0 = Debug|Any CPU
		{2EC53428-E00E-473A-995D-E62763A5CBBB}.Debug|x64.ActiveCfg = Debug|Any CPU
		{2EC53428-E00E-473A-995D-E62763A5CBBB}.Debug|x64.Build.0 = Debug|Any CPU
		{2EC53428-E00E-473A-995D-E62763A5CBBB}.Debug|x86.ActiveCfg = Debug|Any CPU
		{2EC53428-E00E-473A-995D-E62763A5CBBB}.Debug|x86.Build.0 = Debug|Any CPU
		{2EC53428-E00E-473A-995D-E62763A5CBBB}.Release|Any CPU.ActiveCfg = Release|Any CPU
		{2EC53428-E00E-473A-995D-E62763A5CBBB}.Release|Any CPU.Build.0 = Release|Any CPU
		{2EC53428-E00E-473A-995D-E62763A5CBBB}.Release|x64.ActiveCfg = Release|Any CPU
		{2EC53428-E00E-473A-995D-E62763A5CBBB}.Release|x64.Build.0 = Release|Any CPU
		{2EC53428-E00E-473A-995D-E62763A5CBBB}.Release|x86.ActiveCfg = Release|Any CPU
		{2EC53428-E00E-473A-995D-E62763A5CBBB}.Release|x86.Build.0 = Release|Any CPU
		{EBE7917A-9F49-4C20-8A5A-BFA7DA06230F}.Debug|Any CPU.ActiveCfg = Debug|Any CPU
		{EBE7917A-9F49-4C20-8A5A-BFA7DA06230F}.Debug|Any CPU.Build.0 = Debug|Any CPU
		{EBE7917A-9F49-4C20-8A5A-BFA7DA06230F}.Debug|x64.ActiveCfg = Debug|Any CPU
		{EBE7917A-9F49-4C20-8A5A-BFA7DA06230F}.Debug|x64.Build.0 = Debug|Any CPU
		{EBE7917A-9F49-4C20-8A5A-BFA7DA06230F}.Debug|x86.ActiveCfg = Debug|Any CPU
		{EBE7917A-9F49-4C20-8A5A-BFA7DA06230F}.Debug|x86.Build.0 = Debug|Any CPU
		{EBE7917A-9F49-4C20-8A5A-BFA7DA06230F}.Release|Any CPU.ActiveCfg = Release|Any CPU
		{EBE7917A-9F49-4C20-8A5A-BFA7DA06230F}.Release|Any CPU.Build.0 = Release|Any CPU
		{EBE7917A-9F49-4C20-8A5A-BFA7DA06230F}.Release|x64.ActiveCfg = Release|Any CPU
		{EBE7917A-9F49-4C20-8A5A-BFA7DA06230F}.Release|x64.Build.0 = Release|Any CPU
		{EBE7917A-9F49-4C20-8A5A-BFA7DA06230F}.Release|x86.ActiveCfg = Release|Any CPU
		{EBE7917A-9F49-4C20-8A5A-BFA7DA06230F}.Release|x86.Build.0 = Release|Any CPU
		{6819A2EC-DBB2-40B3-A148-0BCAADB32AE2}.Debug|Any CPU.ActiveCfg = Debug|Any CPU
		{6819A2EC-DBB2-40B3-A148-0BCAADB32AE2}.Debug|Any CPU.Build.0 = Debug|Any CPU
		{6819A2EC-DBB2-40B3-A148-0BCAADB32AE2}.Debug|x64.ActiveCfg = Debug|Any CPU
		{6819A2EC-DBB2-40B3-A148-0BCAADB32AE2}.Debug|x64.Build.0 = Debug|Any CPU
		{6819A2EC-DBB2-40B3-A148-0BCAADB32AE2}.Debug|x86.ActiveCfg = Debug|Any CPU
		{6819A2EC-DBB2-40B3-A148-0BCAADB32AE2}.Debug|x86.Build.0 = Debug|Any CPU
		{6819A2EC-DBB2-40B3-A148-0BCAADB32AE2}.Release|Any CPU.ActiveCfg = Release|Any CPU
		{6819A2EC-DBB2-40B3-A148-0BCAADB32AE2}.Release|Any CPU.Build.0 = Release|Any CPU
		{6819A2EC-DBB2-40B3-A148-0BCAADB32AE2}.Release|x64.ActiveCfg = Release|Any CPU
		{6819A2EC-DBB2-40B3-A148-0BCAADB32AE2}.Release|x64.Build.0 = Release|Any CPU
		{6819A2EC-DBB2-40B3-A148-0BCAADB32AE2}.Release|x86.ActiveCfg = Release|Any CPU
		{6819A2EC-DBB2-40B3-A148-0BCAADB32AE2}.Release|x86.Build.0 = Release|Any CPU
		{DA92FD92-D6C5-479A-BA5A-2E58C969012E}.Debug|Any CPU.ActiveCfg = Debug|Any CPU
		{DA92FD92-D6C5-479A-BA5A-2E58C969012E}.Debug|Any CPU.Build.0 = Debug|Any CPU
		{DA92FD92-D6C5-479A-BA5A-2E58C969012E}.Debug|x64.ActiveCfg = Debug|Any CPU
		{DA92FD92-D6C5-479A-BA5A-2E58C969012E}.Debug|x64.Build.0 = Debug|Any CPU
		{DA92FD92-D6C5-479A-BA5A-2E58C969012E}.Debug|x86.ActiveCfg = Debug|Any CPU
		{DA92FD92-D6C5-479A-BA5A-2E58C969012E}.Debug|x86.Build.0 = Debug|Any CPU
		{DA92FD92-D6C5-479A-BA5A-2E58C969012E}.Release|Any CPU.ActiveCfg = Release|Any CPU
		{DA92FD92-D6C5-479A-BA5A-2E58C969012E}.Release|Any CPU.Build.0 = Release|Any CPU
		{DA92FD92-D6C5-479A-BA5A-2E58C969012E}.Release|x64.ActiveCfg = Release|Any CPU
		{DA92FD92-D6C5-479A-BA5A-2E58C969012E}.Release|x64.Build.0 = Release|Any CPU
		{DA92FD92-D6C5-479A-BA5A-2E58C969012E}.Release|x86.ActiveCfg = Release|Any CPU
		{DA92FD92-D6C5-479A-BA5A-2E58C969012E}.Release|x86.Build.0 = Release|Any CPU
		{39D449A8-BD07-4B07-B896-1EEF2CF4AB02}.Debug|Any CPU.ActiveCfg = Debug|Any CPU
		{39D449A8-BD07-4B07-B896-1EEF2CF4AB02}.Debug|Any CPU.Build.0 = Debug|Any CPU
		{39D449A8-BD07-4B07-B896-1EEF2CF4AB02}.Debug|x64.ActiveCfg = Debug|Any CPU
		{39D449A8-BD07-4B07-B896-1EEF2CF4AB02}.Debug|x64.Build.0 = Debug|Any CPU
		{39D449A8-BD07-4B07-B896-1EEF2CF4AB02}.Debug|x86.ActiveCfg = Debug|Any CPU
		{39D449A8-BD07-4B07-B896-1EEF2CF4AB02}.Debug|x86.Build.0 = Debug|Any CPU
		{39D449A8-BD07-4B07-B896-1EEF2CF4AB02}.Release|Any CPU.ActiveCfg = Release|Any CPU
		{39D449A8-BD07-4B07-B896-1EEF2CF4AB02}.Release|Any CPU.Build.0 = Release|Any CPU
		{39D449A8-BD07-4B07-B896-1EEF2CF4AB02}.Release|x64.ActiveCfg = Release|Any CPU
		{39D449A8-BD07-4B07-B896-1EEF2CF4AB02}.Release|x64.Build.0 = Release|Any CPU
		{39D449A8-BD07-4B07-B896-1EEF2CF4AB02}.Release|x86.ActiveCfg = Release|Any CPU
		{39D449A8-BD07-4B07-B896-1EEF2CF4AB02}.Release|x86.Build.0 = Release|Any CPU
		{2C19C926-2DED-489E-ACB7-6D0D500D79B2}.Debug|Any CPU.ActiveCfg = Debug|Any CPU
		{2C19C926-2DED-489E-ACB7-6D0D500D79B2}.Debug|Any CPU.Build.0 = Debug|Any CPU
		{2C19C926-2DED-489E-ACB7-6D0D500D79B2}.Debug|x64.ActiveCfg = Debug|Any CPU
		{2C19C926-2DED-489E-ACB7-6D0D500D79B2}.Debug|x64.Build.0 = Debug|Any CPU
		{2C19C926-2DED-489E-ACB7-6D0D500D79B2}.Debug|x86.ActiveCfg = Debug|Any CPU
		{2C19C926-2DED-489E-ACB7-6D0D500D79B2}.Debug|x86.Build.0 = Debug|Any CPU
		{2C19C926-2DED-489E-ACB7-6D0D500D79B2}.Release|Any CPU.ActiveCfg = Release|Any CPU
		{2C19C926-2DED-489E-ACB7-6D0D500D79B2}.Release|Any CPU.Build.0 = Release|Any CPU
		{2C19C926-2DED-489E-ACB7-6D0D500D79B2}.Release|x64.ActiveCfg = Release|Any CPU
		{2C19C926-2DED-489E-ACB7-6D0D500D79B2}.Release|x64.Build.0 = Release|Any CPU
		{2C19C926-2DED-489E-ACB7-6D0D500D79B2}.Release|x86.ActiveCfg = Release|Any CPU
		{2C19C926-2DED-489E-ACB7-6D0D500D79B2}.Release|x86.Build.0 = Release|Any CPU
		{30315A4D-6BEC-4E70-ACC2-687C18EACBF4}.Debug|Any CPU.ActiveCfg = Debug|Any CPU
		{30315A4D-6BEC-4E70-ACC2-687C18EACBF4}.Debug|Any CPU.Build.0 = Debug|Any CPU
		{30315A4D-6BEC-4E70-ACC2-687C18EACBF4}.Debug|x64.ActiveCfg = Debug|Any CPU
		{30315A4D-6BEC-4E70-ACC2-687C18EACBF4}.Debug|x64.Build.0 = Debug|Any CPU
		{30315A4D-6BEC-4E70-ACC2-687C18EACBF4}.Debug|x86.ActiveCfg = Debug|Any CPU
		{30315A4D-6BEC-4E70-ACC2-687C18EACBF4}.Debug|x86.Build.0 = Debug|Any CPU
		{30315A4D-6BEC-4E70-ACC2-687C18EACBF4}.Release|Any CPU.ActiveCfg = Release|Any CPU
		{30315A4D-6BEC-4E70-ACC2-687C18EACBF4}.Release|Any CPU.Build.0 = Release|Any CPU
		{30315A4D-6BEC-4E70-ACC2-687C18EACBF4}.Release|x64.ActiveCfg = Release|Any CPU
		{30315A4D-6BEC-4E70-ACC2-687C18EACBF4}.Release|x64.Build.0 = Release|Any CPU
		{30315A4D-6BEC-4E70-ACC2-687C18EACBF4}.Release|x86.ActiveCfg = Release|Any CPU
		{30315A4D-6BEC-4E70-ACC2-687C18EACBF4}.Release|x86.Build.0 = Release|Any CPU
		{44CA00C0-15E5-4FC0-AFD5-538D85C92D8B}.Debug|Any CPU.ActiveCfg = Debug|Any CPU
		{44CA00C0-15E5-4FC0-AFD5-538D85C92D8B}.Debug|Any CPU.Build.0 = Debug|Any CPU
		{44CA00C0-15E5-4FC0-AFD5-538D85C92D8B}.Debug|x64.ActiveCfg = Debug|Any CPU
		{44CA00C0-15E5-4FC0-AFD5-538D85C92D8B}.Debug|x64.Build.0 = Debug|Any CPU
		{44CA00C0-15E5-4FC0-AFD5-538D85C92D8B}.Debug|x86.ActiveCfg = Debug|Any CPU
		{44CA00C0-15E5-4FC0-AFD5-538D85C92D8B}.Debug|x86.Build.0 = Debug|Any CPU
		{44CA00C0-15E5-4FC0-AFD5-538D85C92D8B}.Release|Any CPU.ActiveCfg = Release|Any CPU
		{44CA00C0-15E5-4FC0-AFD5-538D85C92D8B}.Release|Any CPU.Build.0 = Release|Any CPU
		{44CA00C0-15E5-4FC0-AFD5-538D85C92D8B}.Release|x64.ActiveCfg = Release|Any CPU
		{44CA00C0-15E5-4FC0-AFD5-538D85C92D8B}.Release|x64.Build.0 = Release|Any CPU
		{44CA00C0-15E5-4FC0-AFD5-538D85C92D8B}.Release|x86.ActiveCfg = Release|Any CPU
		{44CA00C0-15E5-4FC0-AFD5-538D85C92D8B}.Release|x86.Build.0 = Release|Any CPU
		{4E0F2032-342F-43DA-8F8E-460BFBFF8092}.Debug|Any CPU.ActiveCfg = Debug|Any CPU
		{4E0F2032-342F-43DA-8F8E-460BFBFF8092}.Debug|Any CPU.Build.0 = Debug|Any CPU
		{4E0F2032-342F-43DA-8F8E-460BFBFF8092}.Debug|x64.ActiveCfg = Debug|Any CPU
		{4E0F2032-342F-43DA-8F8E-460BFBFF8092}.Debug|x64.Build.0 = Debug|Any CPU
		{4E0F2032-342F-43DA-8F8E-460BFBFF8092}.Debug|x86.ActiveCfg = Debug|Any CPU
		{4E0F2032-342F-43DA-8F8E-460BFBFF8092}.Debug|x86.Build.0 = Debug|Any CPU
		{4E0F2032-342F-43DA-8F8E-460BFBFF8092}.Release|Any CPU.ActiveCfg = Release|Any CPU
		{4E0F2032-342F-43DA-8F8E-460BFBFF8092}.Release|Any CPU.Build.0 = Release|Any CPU
		{4E0F2032-342F-43DA-8F8E-460BFBFF8092}.Release|x64.ActiveCfg = Release|Any CPU
		{4E0F2032-342F-43DA-8F8E-460BFBFF8092}.Release|x64.Build.0 = Release|Any CPU
		{4E0F2032-342F-43DA-8F8E-460BFBFF8092}.Release|x86.ActiveCfg = Release|Any CPU
		{4E0F2032-342F-43DA-8F8E-460BFBFF8092}.Release|x86.Build.0 = Release|Any CPU
		{C3A9263C-B250-44D4-8EC7-442FF4D4472E}.Debug|Any CPU.ActiveCfg = Debug|Any CPU
		{C3A9263C-B250-44D4-8EC7-442FF4D4472E}.Debug|Any CPU.Build.0 = Debug|Any CPU
		{C3A9263C-B250-44D4-8EC7-442FF4D4472E}.Debug|x64.ActiveCfg = Debug|Any CPU
		{C3A9263C-B250-44D4-8EC7-442FF4D4472E}.Debug|x64.Build.0 = Debug|Any CPU
		{C3A9263C-B250-44D4-8EC7-442FF4D4472E}.Debug|x86.ActiveCfg = Debug|Any CPU
		{C3A9263C-B250-44D4-8EC7-442FF4D4472E}.Debug|x86.Build.0 = Debug|Any CPU
		{C3A9263C-B250-44D4-8EC7-442FF4D4472E}.Release|Any CPU.ActiveCfg = Release|Any CPU
		{C3A9263C-B250-44D4-8EC7-442FF4D4472E}.Release|Any CPU.Build.0 = Release|Any CPU
		{C3A9263C-B250-44D4-8EC7-442FF4D4472E}.Release|x64.ActiveCfg = Release|Any CPU
		{C3A9263C-B250-44D4-8EC7-442FF4D4472E}.Release|x64.Build.0 = Release|Any CPU
		{C3A9263C-B250-44D4-8EC7-442FF4D4472E}.Release|x86.ActiveCfg = Release|Any CPU
		{C3A9263C-B250-44D4-8EC7-442FF4D4472E}.Release|x86.Build.0 = Release|Any CPU
		{6FFA20DD-8B24-49B8-B828-ED6B70DE911D}.Debug|Any CPU.ActiveCfg = Debug|Any CPU
		{6FFA20DD-8B24-49B8-B828-ED6B70DE911D}.Debug|Any CPU.Build.0 = Debug|Any CPU
		{6FFA20DD-8B24-49B8-B828-ED6B70DE911D}.Debug|x64.ActiveCfg = Debug|Any CPU
		{6FFA20DD-8B24-49B8-B828-ED6B70DE911D}.Debug|x64.Build.0 = Debug|Any CPU
		{6FFA20DD-8B24-49B8-B828-ED6B70DE911D}.Debug|x86.ActiveCfg = Debug|Any CPU
		{6FFA20DD-8B24-49B8-B828-ED6B70DE911D}.Debug|x86.Build.0 = Debug|Any CPU
		{6FFA20DD-8B24-49B8-B828-ED6B70DE911D}.Release|Any CPU.ActiveCfg = Release|Any CPU
		{6FFA20DD-8B24-49B8-B828-ED6B70DE911D}.Release|Any CPU.Build.0 = Release|Any CPU
		{6FFA20DD-8B24-49B8-B828-ED6B70DE911D}.Release|x64.ActiveCfg = Release|Any CPU
		{6FFA20DD-8B24-49B8-B828-ED6B70DE911D}.Release|x64.Build.0 = Release|Any CPU
		{6FFA20DD-8B24-49B8-B828-ED6B70DE911D}.Release|x86.ActiveCfg = Release|Any CPU
		{6FFA20DD-8B24-49B8-B828-ED6B70DE911D}.Release|x86.Build.0 = Release|Any CPU
		{F609EB66-B412-40DC-9394-5D1777607C7C}.Debug|Any CPU.ActiveCfg = Debug|Any CPU
		{F609EB66-B412-40DC-9394-5D1777607C7C}.Debug|Any CPU.Build.0 = Debug|Any CPU
		{F609EB66-B412-40DC-9394-5D1777607C7C}.Debug|x64.ActiveCfg = Debug|Any CPU
		{F609EB66-B412-40DC-9394-5D1777607C7C}.Debug|x64.Build.0 = Debug|Any CPU
		{F609EB66-B412-40DC-9394-5D1777607C7C}.Debug|x86.ActiveCfg = Debug|Any CPU
		{F609EB66-B412-40DC-9394-5D1777607C7C}.Debug|x86.Build.0 = Debug|Any CPU
		{F609EB66-B412-40DC-9394-5D1777607C7C}.Release|Any CPU.ActiveCfg = Release|Any CPU
		{F609EB66-B412-40DC-9394-5D1777607C7C}.Release|Any CPU.Build.0 = Release|Any CPU
		{F609EB66-B412-40DC-9394-5D1777607C7C}.Release|x64.ActiveCfg = Release|Any CPU
		{F609EB66-B412-40DC-9394-5D1777607C7C}.Release|x64.Build.0 = Release|Any CPU
		{F609EB66-B412-40DC-9394-5D1777607C7C}.Release|x86.ActiveCfg = Release|Any CPU
		{F609EB66-B412-40DC-9394-5D1777607C7C}.Release|x86.Build.0 = Release|Any CPU
		{6CFA096D-4A20-4530-BB65-FE84282A7D09}.Debug|Any CPU.ActiveCfg = Debug|Any CPU
		{6CFA096D-4A20-4530-BB65-FE84282A7D09}.Debug|Any CPU.Build.0 = Debug|Any CPU
		{6CFA096D-4A20-4530-BB65-FE84282A7D09}.Debug|x64.ActiveCfg = Debug|Any CPU
		{6CFA096D-4A20-4530-BB65-FE84282A7D09}.Debug|x64.Build.0 = Debug|Any CPU
		{6CFA096D-4A20-4530-BB65-FE84282A7D09}.Debug|x86.ActiveCfg = Debug|Any CPU
		{6CFA096D-4A20-4530-BB65-FE84282A7D09}.Debug|x86.Build.0 = Debug|Any CPU
		{6CFA096D-4A20-4530-BB65-FE84282A7D09}.Release|Any CPU.ActiveCfg = Release|Any CPU
		{6CFA096D-4A20-4530-BB65-FE84282A7D09}.Release|Any CPU.Build.0 = Release|Any CPU
		{6CFA096D-4A20-4530-BB65-FE84282A7D09}.Release|x64.ActiveCfg = Release|Any CPU
		{6CFA096D-4A20-4530-BB65-FE84282A7D09}.Release|x64.Build.0 = Release|Any CPU
		{6CFA096D-4A20-4530-BB65-FE84282A7D09}.Release|x86.ActiveCfg = Release|Any CPU
		{6CFA096D-4A20-4530-BB65-FE84282A7D09}.Release|x86.Build.0 = Release|Any CPU
		{57656C50-A0D4-4CB6-B9A9-A4F875907D57}.Debug|Any CPU.ActiveCfg = Debug|Any CPU
		{57656C50-A0D4-4CB6-B9A9-A4F875907D57}.Debug|Any CPU.Build.0 = Debug|Any CPU
		{57656C50-A0D4-4CB6-B9A9-A4F875907D57}.Debug|x64.ActiveCfg = Debug|Any CPU
		{57656C50-A0D4-4CB6-B9A9-A4F875907D57}.Debug|x64.Build.0 = Debug|Any CPU
		{57656C50-A0D4-4CB6-B9A9-A4F875907D57}.Debug|x86.ActiveCfg = Debug|Any CPU
		{57656C50-A0D4-4CB6-B9A9-A4F875907D57}.Debug|x86.Build.0 = Debug|Any CPU
		{57656C50-A0D4-4CB6-B9A9-A4F875907D57}.Release|Any CPU.ActiveCfg = Release|Any CPU
		{57656C50-A0D4-4CB6-B9A9-A4F875907D57}.Release|Any CPU.Build.0 = Release|Any CPU
		{57656C50-A0D4-4CB6-B9A9-A4F875907D57}.Release|x64.ActiveCfg = Release|Any CPU
		{57656C50-A0D4-4CB6-B9A9-A4F875907D57}.Release|x64.Build.0 = Release|Any CPU
		{57656C50-A0D4-4CB6-B9A9-A4F875907D57}.Release|x86.ActiveCfg = Release|Any CPU
		{57656C50-A0D4-4CB6-B9A9-A4F875907D57}.Release|x86.Build.0 = Release|Any CPU
		{7A777784-7121-44F9-B89D-DBF8AF713264}.Debug|Any CPU.ActiveCfg = Debug|Any CPU
		{7A777784-7121-44F9-B89D-DBF8AF713264}.Debug|Any CPU.Build.0 = Debug|Any CPU
		{7A777784-7121-44F9-B89D-DBF8AF713264}.Debug|x64.ActiveCfg = Debug|Any CPU
		{7A777784-7121-44F9-B89D-DBF8AF713264}.Debug|x64.Build.0 = Debug|Any CPU
		{7A777784-7121-44F9-B89D-DBF8AF713264}.Debug|x86.ActiveCfg = Debug|Any CPU
		{7A777784-7121-44F9-B89D-DBF8AF713264}.Debug|x86.Build.0 = Debug|Any CPU
		{7A777784-7121-44F9-B89D-DBF8AF713264}.Release|Any CPU.ActiveCfg = Release|Any CPU
		{7A777784-7121-44F9-B89D-DBF8AF713264}.Release|Any CPU.Build.0 = Release|Any CPU
		{7A777784-7121-44F9-B89D-DBF8AF713264}.Release|x64.ActiveCfg = Release|Any CPU
		{7A777784-7121-44F9-B89D-DBF8AF713264}.Release|x64.Build.0 = Release|Any CPU
		{7A777784-7121-44F9-B89D-DBF8AF713264}.Release|x86.ActiveCfg = Release|Any CPU
		{7A777784-7121-44F9-B89D-DBF8AF713264}.Release|x86.Build.0 = Release|Any CPU
		{3254B9F7-5DA2-41FD-9888-B6EEE548B424}.Debug|Any CPU.ActiveCfg = Debug|Any CPU
		{3254B9F7-5DA2-41FD-9888-B6EEE548B424}.Debug|Any CPU.Build.0 = Debug|Any CPU
		{3254B9F7-5DA2-41FD-9888-B6EEE548B424}.Debug|x64.ActiveCfg = Debug|Any CPU
		{3254B9F7-5DA2-41FD-9888-B6EEE548B424}.Debug|x64.Build.0 = Debug|Any CPU
		{3254B9F7-5DA2-41FD-9888-B6EEE548B424}.Debug|x86.ActiveCfg = Debug|Any CPU
		{3254B9F7-5DA2-41FD-9888-B6EEE548B424}.Debug|x86.Build.0 = Debug|Any CPU
		{3254B9F7-5DA2-41FD-9888-B6EEE548B424}.Release|Any CPU.ActiveCfg = Release|Any CPU
		{3254B9F7-5DA2-41FD-9888-B6EEE548B424}.Release|Any CPU.Build.0 = Release|Any CPU
		{3254B9F7-5DA2-41FD-9888-B6EEE548B424}.Release|x64.ActiveCfg = Release|Any CPU
		{3254B9F7-5DA2-41FD-9888-B6EEE548B424}.Release|x64.Build.0 = Release|Any CPU
		{3254B9F7-5DA2-41FD-9888-B6EEE548B424}.Release|x86.ActiveCfg = Release|Any CPU
		{3254B9F7-5DA2-41FD-9888-B6EEE548B424}.Release|x86.Build.0 = Release|Any CPU
		{8A5BF27F-F935-4938-9FE0-F3157C353C76}.Debug|Any CPU.ActiveCfg = Debug|Any CPU
		{8A5BF27F-F935-4938-9FE0-F3157C353C76}.Debug|Any CPU.Build.0 = Debug|Any CPU
		{8A5BF27F-F935-4938-9FE0-F3157C353C76}.Debug|x64.ActiveCfg = Debug|Any CPU
		{8A5BF27F-F935-4938-9FE0-F3157C353C76}.Debug|x64.Build.0 = Debug|Any CPU
		{8A5BF27F-F935-4938-9FE0-F3157C353C76}.Debug|x86.ActiveCfg = Debug|Any CPU
		{8A5BF27F-F935-4938-9FE0-F3157C353C76}.Debug|x86.Build.0 = Debug|Any CPU
		{8A5BF27F-F935-4938-9FE0-F3157C353C76}.Release|Any CPU.ActiveCfg = Release|Any CPU
		{8A5BF27F-F935-4938-9FE0-F3157C353C76}.Release|Any CPU.Build.0 = Release|Any CPU
		{8A5BF27F-F935-4938-9FE0-F3157C353C76}.Release|x64.ActiveCfg = Release|Any CPU
		{8A5BF27F-F935-4938-9FE0-F3157C353C76}.Release|x64.Build.0 = Release|Any CPU
		{8A5BF27F-F935-4938-9FE0-F3157C353C76}.Release|x86.ActiveCfg = Release|Any CPU
		{8A5BF27F-F935-4938-9FE0-F3157C353C76}.Release|x86.Build.0 = Release|Any CPU
		{634B83F4-9DA1-47C7-B5D8-DE09C073296C}.Debug|Any CPU.ActiveCfg = Debug|Any CPU
		{634B83F4-9DA1-47C7-B5D8-DE09C073296C}.Debug|Any CPU.Build.0 = Debug|Any CPU
		{634B83F4-9DA1-47C7-B5D8-DE09C073296C}.Debug|x64.ActiveCfg = Debug|Any CPU
		{634B83F4-9DA1-47C7-B5D8-DE09C073296C}.Debug|x64.Build.0 = Debug|Any CPU
		{634B83F4-9DA1-47C7-B5D8-DE09C073296C}.Debug|x86.ActiveCfg = Debug|Any CPU
		{634B83F4-9DA1-47C7-B5D8-DE09C073296C}.Debug|x86.Build.0 = Debug|Any CPU
		{634B83F4-9DA1-47C7-B5D8-DE09C073296C}.Release|Any CPU.ActiveCfg = Release|Any CPU
		{634B83F4-9DA1-47C7-B5D8-DE09C073296C}.Release|Any CPU.Build.0 = Release|Any CPU
		{634B83F4-9DA1-47C7-B5D8-DE09C073296C}.Release|x64.ActiveCfg = Release|Any CPU
		{634B83F4-9DA1-47C7-B5D8-DE09C073296C}.Release|x64.Build.0 = Release|Any CPU
		{634B83F4-9DA1-47C7-B5D8-DE09C073296C}.Release|x86.ActiveCfg = Release|Any CPU
		{634B83F4-9DA1-47C7-B5D8-DE09C073296C}.Release|x86.Build.0 = Release|Any CPU
		{C7893949-A618-4DA6-AE97-273B49B6A722}.Debug|Any CPU.ActiveCfg = Debug|Any CPU
		{C7893949-A618-4DA6-AE97-273B49B6A722}.Debug|Any CPU.Build.0 = Debug|Any CPU
		{C7893949-A618-4DA6-AE97-273B49B6A722}.Debug|x64.ActiveCfg = Debug|Any CPU
		{C7893949-A618-4DA6-AE97-273B49B6A722}.Debug|x64.Build.0 = Debug|Any CPU
		{C7893949-A618-4DA6-AE97-273B49B6A722}.Debug|x86.ActiveCfg = Debug|Any CPU
		{C7893949-A618-4DA6-AE97-273B49B6A722}.Debug|x86.Build.0 = Debug|Any CPU
		{C7893949-A618-4DA6-AE97-273B49B6A722}.Release|Any CPU.ActiveCfg = Release|Any CPU
		{C7893949-A618-4DA6-AE97-273B49B6A722}.Release|Any CPU.Build.0 = Release|Any CPU
		{C7893949-A618-4DA6-AE97-273B49B6A722}.Release|x64.ActiveCfg = Release|Any CPU
		{C7893949-A618-4DA6-AE97-273B49B6A722}.Release|x64.Build.0 = Release|Any CPU
		{C7893949-A618-4DA6-AE97-273B49B6A722}.Release|x86.ActiveCfg = Release|Any CPU
		{C7893949-A618-4DA6-AE97-273B49B6A722}.Release|x86.Build.0 = Release|Any CPU
		{3CD4F9DB-3DBD-4C6A-B407-0D350F6C472C}.Debug|Any CPU.ActiveCfg = Debug|Any CPU
		{3CD4F9DB-3DBD-4C6A-B407-0D350F6C472C}.Debug|Any CPU.Build.0 = Debug|Any CPU
		{3CD4F9DB-3DBD-4C6A-B407-0D350F6C472C}.Debug|x64.ActiveCfg = Debug|Any CPU
		{3CD4F9DB-3DBD-4C6A-B407-0D350F6C472C}.Debug|x64.Build.0 = Debug|Any CPU
		{3CD4F9DB-3DBD-4C6A-B407-0D350F6C472C}.Debug|x86.ActiveCfg = Debug|Any CPU
		{3CD4F9DB-3DBD-4C6A-B407-0D350F6C472C}.Debug|x86.Build.0 = Debug|Any CPU
		{3CD4F9DB-3DBD-4C6A-B407-0D350F6C472C}.Release|Any CPU.ActiveCfg = Release|Any CPU
		{3CD4F9DB-3DBD-4C6A-B407-0D350F6C472C}.Release|Any CPU.Build.0 = Release|Any CPU
		{3CD4F9DB-3DBD-4C6A-B407-0D350F6C472C}.Release|x64.ActiveCfg = Release|Any CPU
		{3CD4F9DB-3DBD-4C6A-B407-0D350F6C472C}.Release|x64.Build.0 = Release|Any CPU
		{3CD4F9DB-3DBD-4C6A-B407-0D350F6C472C}.Release|x86.ActiveCfg = Release|Any CPU
		{3CD4F9DB-3DBD-4C6A-B407-0D350F6C472C}.Release|x86.Build.0 = Release|Any CPU
		{2AD54E93-B59E-4256-908A-8EA003A53434}.Debug|Any CPU.ActiveCfg = Debug|Any CPU
		{2AD54E93-B59E-4256-908A-8EA003A53434}.Debug|Any CPU.Build.0 = Debug|Any CPU
		{2AD54E93-B59E-4256-908A-8EA003A53434}.Debug|x64.ActiveCfg = Debug|Any CPU
		{2AD54E93-B59E-4256-908A-8EA003A53434}.Debug|x64.Build.0 = Debug|Any CPU
		{2AD54E93-B59E-4256-908A-8EA003A53434}.Debug|x86.ActiveCfg = Debug|Any CPU
		{2AD54E93-B59E-4256-908A-8EA003A53434}.Debug|x86.Build.0 = Debug|Any CPU
		{2AD54E93-B59E-4256-908A-8EA003A53434}.Release|Any CPU.ActiveCfg = Release|Any CPU
		{2AD54E93-B59E-4256-908A-8EA003A53434}.Release|Any CPU.Build.0 = Release|Any CPU
		{2AD54E93-B59E-4256-908A-8EA003A53434}.Release|x64.ActiveCfg = Release|Any CPU
		{2AD54E93-B59E-4256-908A-8EA003A53434}.Release|x64.Build.0 = Release|Any CPU
		{2AD54E93-B59E-4256-908A-8EA003A53434}.Release|x86.ActiveCfg = Release|Any CPU
		{2AD54E93-B59E-4256-908A-8EA003A53434}.Release|x86.Build.0 = Release|Any CPU
	EndGlobalSection
	GlobalSection(SolutionProperties) = preSolution
		HideSolutionNode = FALSE
	EndGlobalSection
	GlobalSection(NestedProjects) = preSolution
		{265366B0-5DB6-4684-8CED-9E0040DB8753} = {827E0CD3-B72D-47B6-A68D-7590B98EB39B}
		{271A4169-1125-46CA-9B1C-7CEDD8C92F3E} = {827E0CD3-B72D-47B6-A68D-7590B98EB39B}
		{2EC53428-E00E-473A-995D-E62763A5CBBB} = {827E0CD3-B72D-47B6-A68D-7590B98EB39B}
		{EBE7917A-9F49-4C20-8A5A-BFA7DA06230F} = {827E0CD3-B72D-47B6-A68D-7590B98EB39B}
		{6819A2EC-DBB2-40B3-A148-0BCAADB32AE2} = {827E0CD3-B72D-47B6-A68D-7590B98EB39B}
		{DA92FD92-D6C5-479A-BA5A-2E58C969012E} = {827E0CD3-B72D-47B6-A68D-7590B98EB39B}
		{39D449A8-BD07-4B07-B896-1EEF2CF4AB02} = {827E0CD3-B72D-47B6-A68D-7590B98EB39B}
		{2C19C926-2DED-489E-ACB7-6D0D500D79B2} = {827E0CD3-B72D-47B6-A68D-7590B98EB39B}
		{30315A4D-6BEC-4E70-ACC2-687C18EACBF4} = {827E0CD3-B72D-47B6-A68D-7590B98EB39B}
		{44CA00C0-15E5-4FC0-AFD5-538D85C92D8B} = {827E0CD3-B72D-47B6-A68D-7590B98EB39B}
		{4E0F2032-342F-43DA-8F8E-460BFBFF8092} = {827E0CD3-B72D-47B6-A68D-7590B98EB39B}
		{C3A9263C-B250-44D4-8EC7-442FF4D4472E} = {827E0CD3-B72D-47B6-A68D-7590B98EB39B}
		{6FFA20DD-8B24-49B8-B828-ED6B70DE911D} = {827E0CD3-B72D-47B6-A68D-7590B98EB39B}
		{F609EB66-B412-40DC-9394-5D1777607C7C} = {827E0CD3-B72D-47B6-A68D-7590B98EB39B}
		{6CFA096D-4A20-4530-BB65-FE84282A7D09} = {827E0CD3-B72D-47B6-A68D-7590B98EB39B}
		{57656C50-A0D4-4CB6-B9A9-A4F875907D57} = {827E0CD3-B72D-47B6-A68D-7590B98EB39B}
		{7A777784-7121-44F9-B89D-DBF8AF713264} = {827E0CD3-B72D-47B6-A68D-7590B98EB39B}
		{3254B9F7-5DA2-41FD-9888-B6EEE548B424} = {827E0CD3-B72D-47B6-A68D-7590B98EB39B}
		{8A5BF27F-F935-4938-9FE0-F3157C353C76} = {827E0CD3-B72D-47B6-A68D-7590B98EB39B}
		{634B83F4-9DA1-47C7-B5D8-DE09C073296C} = {827E0CD3-B72D-47B6-A68D-7590B98EB39B}
		{C7893949-A618-4DA6-AE97-273B49B6A722} = {827E0CD3-B72D-47B6-A68D-7590B98EB39B}
		{3CD4F9DB-3DBD-4C6A-B407-0D350F6C472C} = {827E0CD3-B72D-47B6-A68D-7590B98EB39B}
		{C7681E76-71D0-F6B3-CD73-27CBAEE59458} = {0AB3BF05-4346-4AA6-1389-037BE0695223}
		{2AD54E93-B59E-4256-908A-8EA003A53434} = {C7681E76-71D0-F6B3-CD73-27CBAEE59458}
	EndGlobalSection
EndGlobal
